// !$*UTF8*$!
{
	archiveVersion = 1;
	classes = {
	};
	objectVersion = 56;
	objects = {

/* Begin PBXBuildFile section */
		5A22EEA82CE6750100E83596 /* TaqdaAppApp.swift in Sources */ = {isa = PBXBuildFile; fileRef = 5A22EEA72CE6750100E83596 /* TaqdaAppApp.swift */; };
		5A22EEAA2CE6750100E83596 /* ContentView.swift in Sources */ = {isa = PBXBuildFile; fileRef = 5A22EEA92CE6750100E83596 /* ContentView.swift */; };
		5A22EEAC2CE6750200E83596 /* Assets.xcassets in Resources */ = {isa = PBXBuildFile; fileRef = 5A22EEAB2CE6750200E83596 /* Assets.xcassets */; };
		5A22EEAF2CE6750200E83596 /* Preview Assets.xcassets in Resources */ = {isa = PBXBuildFile; fileRef = 5A22EEAE2CE6750200E83596 /* Preview Assets.xcassets */; };
		5A22EEB92CE6750200E83596 /* TaqdaAppTests.swift in Sources */ = {isa = PBXBuildFile; fileRef = 5A22EEB82CE6750200E83596 /* TaqdaAppTests.swift */; };
		5A22EEC32CE6750200E83596 /* TaqdaAppUITests.swift in Sources */ = {isa = PBXBuildFile; fileRef = 5A22EEC22CE6750200E83596 /* TaqdaAppUITests.swift */; };
		5A22EEC52CE6750200E83596 /* TaqdaAppUITestsLaunchTests.swift in Sources */ = {isa = PBXBuildFile; fileRef = 5A22EEC42CE6750200E83596 /* TaqdaAppUITestsLaunchTests.swift */; };
/* End PBXBuildFile section */

/* Begin PBXContainerItemProxy section */
		5A22EEB52CE6750200E83596 /* PBXContainerItemProxy */ = {
			isa = PBXContainerItemProxy;
			containerPortal = 5A22EE9C2CE6750100E83596 /* Project object */;
			proxyType = 1;
			remoteGlobalIDString = 5A22EEA32CE6750100E83596;
			remoteInfo = TaqdaApp;
		};
		5A22EEBF2CE6750200E83596 /* PBXContainerItemProxy */ = {
			isa = PBXContainerItemProxy;
			containerPortal = 5A22EE9C2CE6750100E83596 /* Project object */;
			proxyType = 1;
			remoteGlobalIDString = 5A22EEA32CE6750100E83596;
			remoteInfo = TaqdaApp;
		};
/* End PBXContainerItemProxy section */

/* Begin PBXFileReference section */
		5A22EEA42CE6750100E83596 /* TaqdaApp.app */ = {isa = PBXFileReference; explicitFileType = wrapper.application; includeInIndex = 0; path = TaqdaApp.app; sourceTree = BUILT_PRODUCTS_DIR; };
		5A22EEA72CE6750100E83596 /* TaqdaAppApp.swift */ = {isa = PBXFileReference; lastKnownFileType = sourcecode.swift; path = TaqdaAppApp.swift; sourceTree = "<group>"; };
		5A22EEA92CE6750100E83596 /* ContentView.swift */ = {isa = PBXFileReference; lastKnownFileType = sourcecode.swift; path = ContentView.swift; sourceTree = "<group>"; };
		5A22EEAB2CE6750200E83596 /* Assets.xcassets */ = {isa = PBXFileReference; lastKnownFileType = folder.assetcatalog; path = Assets.xcassets; sourceTree = "<group>"; };
		5A22EEAE2CE6750200E83596 /* Preview Assets.xcassets */ = {isa = PBXFileReference; lastKnownFileType = folder.assetcatalog; path = "Preview Assets.xcassets"; sourceTree = "<group>"; };
		5A22EEB42CE6750200E83596 /* TaqdaAppTests.xctest */ = {isa = PBXFileReference; explicitFileType = wrapper.cfbundle; includeInIndex = 0; path = TaqdaAppTests.xctest; sourceTree = BUILT_PRODUCTS_DIR; };
		5A22EEB82CE6750200E83596 /* TaqdaAppTests.swift */ = {isa = PBXFileReference; lastKnownFileType = sourcecode.swift; path = TaqdaAppTests.swift; sourceTree = "<group>"; };
		5A22EEBE2CE6750200E83596 /* TaqdaAppUITests.xctest */ = {isa = PBXFileReference; explicitFileType = wrapper.cfbundle; includeInIndex = 0; path = TaqdaAppUITests.xctest; sourceTree = BUILT_PRODUCTS_DIR; };
		5A22EEC22CE6750200E83596 /* TaqdaAppUITests.swift */ = {isa = PBXFileReference; lastKnownFileType = sourcecode.swift; path = TaqdaAppUITests.swift; sourceTree = "<group>"; };
		5A22EEC42CE6750200E83596 /* TaqdaAppUITestsLaunchTests.swift */ = {isa = PBXFileReference; lastKnownFileType = sourcecode.swift; path = TaqdaAppUITestsLaunchTests.swift; sourceTree = "<group>"; };
/* End PBXFileReference section */

/* Begin PBXFrameworksBuildPhase section */
		5A22EEA12CE6750100E83596 /* Frameworks */ = {
			isa = PBXFrameworksBuildPhase;
			buildActionMask = 2147483647;
			files = (
			);
			runOnlyForDeploymentPostprocessing = 0;
		};
		5A22EEB12CE6750200E83596 /* Frameworks */ = {
			isa = PBXFrameworksBuildPhase;
			buildActionMask = 2147483647;
			files = (
			);
			runOnlyForDeploymentPostprocessing = 0;
		};
		5A22EEBB2CE6750200E83596 /* Frameworks */ = {
			isa = PBXFrameworksBuildPhase;
			buildActionMask = 2147483647;
			files = (
			);
			runOnlyForDeploymentPostprocessing = 0;
		};
/* End PBXFrameworksBuildPhase section */

/* Begin PBXGroup section */
		5A22EE9B2CE6750100E83596 = {
			isa = PBXGroup;
			children = (
				5A22EEA62CE6750100E83596 /* TaqdaApp */,
				5A22EEB72CE6750200E83596 /* TaqdaAppTests */,
				5A22EEC12CE6750200E83596 /* TaqdaAppUITests */,
				5A22EEA52CE6750100E83596 /* Products */,
			);
			sourceTree = "<group>";
		};
		5A22EEA52CE6750100E83596 /* Products */ = {
			isa = PBXGroup;
			children = (
				5A22EEA42CE6750100E83596 /* TaqdaApp.app */,
				5A22EEB42CE6750200E83596 /* TaqdaAppTests.xctest */,
				5A22EEBE2CE6750200E83596 /* TaqdaAppUITests.xctest */,
			);
			name = Products;
			sourceTree = "<group>";
		};
		5A22EEA62CE6750100E83596 /* TaqdaApp */ = {
			isa = PBXGroup;
			children = (
				5A22EEA72CE6750100E83596 /* TaqdaAppApp.swift */,
				5A22EEA92CE6750100E83596 /* ContentView.swift */,
				5A22EEAB2CE6750200E83596 /* Assets.xcassets */,
				5A22EEAD2CE6750200E83596 /* Preview Content */,
			);
			path = TaqdaApp;
			sourceTree = "<group>";
		};
		5A22EEAD2CE6750200E83596 /* Preview Content */ = {
			isa = PBXGroup;
			children = (
				5A22EEAE2CE6750200E83596 /* Preview Assets.xcassets */,
			);
			path = "Preview Content";
			sourceTree = "<group>";
		};
		5A22EEB72CE6750200E83596 /* TaqdaAppTests */ = {
			isa = PBXGroup;
			children = (
				5A22EEB82CE6750200E83596 /* TaqdaAppTests.swift */,
			);
			path = TaqdaAppTests;
			sourceTree = "<group>";
		};
		5A22EEC12CE6750200E83596 /* TaqdaAppUITests */ = {
			isa = PBXGroup;
			children = (
				5A22EEC22CE6750200E83596 /* TaqdaAppUITests.swift */,
				5A22EEC42CE6750200E83596 /* TaqdaAppUITestsLaunchTests.swift */,
			);
			path = TaqdaAppUITests;
			sourceTree = "<group>";
		};
/* End PBXGroup section */

/* Begin PBXNativeTarget section */
		5A22EEA32CE6750100E83596 /* TaqdaApp */ = {
			isa = PBXNativeTarget;
			buildConfigurationList = 5A22EEC82CE6750200E83596 /* Build configuration list for PBXNativeTarget "TaqdaApp" */;
			buildPhases = (
				5A22EEA02CE6750100E83596 /* Sources */,
				5A22EEA12CE6750100E83596 /* Frameworks */,
				5A22EEA22CE6750100E83596 /* Resources */,
			);
			buildRules = (
			);
			dependencies = (
			);
			name = TaqdaApp;
			productName = TaqdaApp;
			productReference = 5A22EEA42CE6750100E83596 /* TaqdaApp.app */;
			productType = "com.apple.product-type.application";
		};
		5A22EEB32CE6750200E83596 /* TaqdaAppTests */ = {
			isa = PBXNativeTarget;
			buildConfigurationList = 5A22EECB2CE6750200E83596 /* Build configuration list for PBXNativeTarget "TaqdaAppTests" */;
			buildPhases = (
				5A22EEB02CE6750200E83596 /* Sources */,
				5A22EEB12CE6750200E83596 /* Frameworks */,
				5A22EEB22CE6750200E83596 /* Resources */,
			);
			buildRules = (
			);
			dependencies = (
				5A22EEB62CE6750200E83596 /* PBXTargetDependency */,
			);
			name = TaqdaAppTests;
			productName = TaqdaAppTests;
			productReference = 5A22EEB42CE6750200E83596 /* TaqdaAppTests.xctest */;
			productType = "com.apple.product-type.bundle.unit-test";
		};
		5A22EEBD2CE6750200E83596 /* TaqdaAppUITests */ = {
			isa = PBXNativeTarget;
			buildConfigurationList = 5A22EECE2CE6750200E83596 /* Build configuration list for PBXNativeTarget "TaqdaAppUITests" */;
			buildPhases = (
				5A22EEBA2CE6750200E83596 /* Sources */,
				5A22EEBB2CE6750200E83596 /* Frameworks */,
				5A22EEBC2CE6750200E83596 /* Resources */,
			);
			buildRules = (
			);
			dependencies = (
				5A22EEC02CE6750200E83596 /* PBXTargetDependency */,
			);
			name = TaqdaAppUITests;
			productName = TaqdaAppUITests;
			productReference = 5A22EEBE2CE6750200E83596 /* TaqdaAppUITests.xctest */;
			productType = "com.apple.product-type.bundle.ui-testing";
		};
/* End PBXNativeTarget section */

/* Begin PBXProject section */
		5A22EE9C2CE6750100E83596 /* Project object */ = {
			isa = PBXProject;
			attributes = {
				BuildIndependentTargetsInParallel = 1;
				LastSwiftUpdateCheck = 1530;
				LastUpgradeCheck = 1530;
				TargetAttributes = {
					5A22EEA32CE6750100E83596 = {
						CreatedOnToolsVersion = 15.3;
					};
					5A22EEB32CE6750200E83596 = {
						CreatedOnToolsVersion = 15.3;
						TestTargetID = 5A22EEA32CE6750100E83596;
					};
					5A22EEBD2CE6750200E83596 = {
						CreatedOnToolsVersion = 15.3;
						TestTargetID = 5A22EEA32CE6750100E83596;
					};
				};
			};
			buildConfigurationList = 5A22EE9F2CE6750100E83596 /* Build configuration list for PBXProject "TaqdaApp" */;
			compatibilityVersion = "Xcode 14.0";
			developmentRegion = en;
			hasScannedForEncodings = 0;
			knownRegions = (
				en,
				Base,
			);
			mainGroup = 5A22EE9B2CE6750100E83596;
			productRefGroup = 5A22EEA52CE6750100E83596 /* Products */;
			projectDirPath = "";
			projectRoot = "";
			targets = (
				5A22EEA32CE6750100E83596 /* TaqdaApp */,
				5A22EEB32CE6750200E83596 /* TaqdaAppTests */,
				5A22EEBD2CE6750200E83596 /* TaqdaAppUITests */,
			);
		};
/* End PBXProject section */

/* Begin PBXResourcesBuildPhase section */
		5A22EEA22CE6750100E83596 /* Resources */ = {
			isa = PBXResourcesBuildPhase;
			buildActionMask = 2147483647;
			files = (
				5A22EEAF2CE6750200E83596 /* Preview Assets.xcassets in Resources */,
				5A22EEAC2CE6750200E83596 /* Assets.xcassets in Resources */,
			);
			runOnlyForDeploymentPostprocessing = 0;
		};
		5A22EEB22CE6750200E83596 /* Resources */ = {
			isa = PBXResourcesBuildPhase;
			buildActionMask = 2147483647;
			files = (
			);
			runOnlyForDeploymentPostprocessing = 0;
		};
		5A22EEBC2CE6750200E83596 /* Resources */ = {
			isa = PBXResourcesBuildPhase;
			buildActionMask = 2147483647;
			files = (
			);
			runOnlyForDeploymentPostprocessing = 0;
		};
/* End PBXResourcesBuildPhase section */

/* Begin PBXSourcesBuildPhase section */
		5A22EEA02CE6750100E83596 /* Sources */ = {
			isa = PBXSourcesBuildPhase;
			buildActionMask = 2147483647;
			files = (
				5A22EEAA2CE6750100E83596 /* ContentView.swift in Sources */,
				5A22EEA82CE6750100E83596 /* TaqdaAppApp.swift in Sources */,
			);
			runOnlyForDeploymentPostprocessing = 0;
		};
		5A22EEB02CE6750200E83596 /* Sources */ = {
			isa = PBXSourcesBuildPhase;
			buildActionMask = 2147483647;
			files = (
				5A22EEB92CE6750200E83596 /* TaqdaAppTests.swift in Sources */,
			);
			runOnlyForDeploymentPostprocessing = 0;
		};
		5A22EEBA2CE6750200E83596 /* Sources */ = {
			isa = PBXSourcesBuildPhase;
			buildActionMask = 2147483647;
			files = (
				5A22EEC52CE6750200E83596 /* TaqdaAppUITestsLaunchTests.swift in Sources */,
				5A22EEC32CE6750200E83596 /* TaqdaAppUITests.swift in Sources */,
			);
			runOnlyForDeploymentPostprocessing = 0;
		};
/* End PBXSourcesBuildPhase section */

/* Begin PBXTargetDependency section */
		5A22EEB62CE6750200E83596 /* PBXTargetDependency */ = {
			isa = PBXTargetDependency;
			target = 5A22EEA32CE6750100E83596 /* TaqdaApp */;
			targetProxy = 5A22EEB52CE6750200E83596 /* PBXContainerItemProxy */;
		};
		5A22EEC02CE6750200E83596 /* PBXTargetDependency */ = {
			isa = PBXTargetDependency;
			target = 5A22EEA32CE6750100E83596 /* TaqdaApp */;
			targetProxy = 5A22EEBF2CE6750200E83596 /* PBXContainerItemProxy */;
		};
/* End PBXTargetDependency section */

/* Begin XCBuildConfiguration section */
		5A22EEC62CE6750200E83596 /* Debug */ = {
			isa = XCBuildConfiguration;
			buildSettings = {
				ALWAYS_SEARCH_USER_PATHS = NO;
				ASSETCATALOG_COMPILER_GENERATE_SWIFT_ASSET_SYMBOL_EXTENSIONS = YES;
				CLANG_ANALYZER_NONNULL = YES;
				CLANG_ANALYZER_NUMBER_OBJECT_CONVERSION = YES_AGGRESSIVE;
				CLANG_CXX_LANGUAGE_STANDARD = "gnu++20";
				CLANG_ENABLE_MODULES = YES;
				CLANG_ENABLE_OBJC_ARC = YES;
				CLANG_ENABLE_OBJC_WEAK = YES;
				CLANG_WARN_BLOCK_CAPTURE_AUTORELEASING = YES;
				CLANG_WARN_BOOL_CONVERSION = YES;
				CLANG_WARN_COMMA = YES;
				CLANG_WARN_CONSTANT_CONVERSION = YES;
				CLANG_WARN_DEPRECATED_OBJC_IMPLEMENTATIONS = YES;
				CLANG_WARN_DIRECT_OBJC_ISA_USAGE = YES_ERROR;
				CLANG_WARN_DOCUMENTATION_COMMENTS = YES;
				CLANG_WARN_EMPTY_BODY = YES;
				CLANG_WARN_ENUM_CONVERSION = YES;
				CLANG_WARN_INFINITE_RECURSION = YES;
				CLANG_WARN_INT_CONVERSION = YES;
				CLANG_WARN_NON_LITERAL_NULL_CONVERSION = YES;
				CLANG_WARN_OBJC_IMPLICIT_RETAIN_SELF = YES;
				CLANG_WARN_OBJC_LITERAL_CONVERSION = YES;
				CLANG_WARN_OBJC_ROOT_CLASS = YES_ERROR;
				CLANG_WARN_QUOTED_INCLUDE_IN_FRAMEWORK_HEADER = YES;
				CLANG_WARN_RANGE_LOOP_ANALYSIS = YES;
				CLANG_WARN_STRICT_PROTOTYPES = YES;
				CLANG_WARN_SUSPICIOUS_MOVE = YES;
				CLANG_WARN_UNGUARDED_AVAILABILITY = YES_AGGRESSIVE;
				CLANG_WARN_UNREACHABLE_CODE = YES;
				CLANG_WARN__DUPLICATE_METHOD_MATCH = YES;
				COPY_PHASE_STRIP = NO;
				DEBUG_INFORMATION_FORMAT = dwarf;
				ENABLE_STRICT_OBJC_MSGSEND = YES;
				ENABLE_TESTABILITY = YES;
				ENABLE_USER_SCRIPT_SANDBOXING = YES;
				GCC_C_LANGUAGE_STANDARD = gnu17;
				GCC_DYNAMIC_NO_PIC = NO;
				GCC_NO_COMMON_BLOCKS = YES;
				GCC_OPTIMIZATION_LEVEL = 0;
				GCC_PREPROCESSOR_DEFINITIONS = (
					"DEBUG=1",
					"$(inherited)",
				);
				GCC_WARN_64_TO_32_BIT_CONVERSION = YES;
				GCC_WARN_ABOUT_RETURN_TYPE = YES_ERROR;
				GCC_WARN_UNDECLARED_SELECTOR = YES;
				GCC_WARN_UNINITIALIZED_AUTOS = YES_AGGRESSIVE;
				GCC_WARN_UNUSED_FUNCTION = YES;
				GCC_WARN_UNUSED_VARIABLE = YES;
				IPHONEOS_DEPLOYMENT_TARGET = 17.4;
				LOCALIZATION_PREFERS_STRING_CATALOGS = YES;
				MTL_ENABLE_DEBUG_INFO = INCLUDE_SOURCE;
				MTL_FAST_MATH = YES;
				ONLY_ACTIVE_ARCH = YES;
				SDKROOT = iphoneos;
				SWIFT_ACTIVE_COMPILATION_CONDITIONS = "DEBUG $(inherited)";
				SWIFT_OPTIMIZATION_LEVEL = "-Onone";
			};
			name = Debug;
		};
		5A22EEC72CE6750200E83596 /* Release */ = {
			isa = XCBuildConfiguration;
			buildSettings = {
				ALWAYS_SEARCH_USER_PATHS = NO;
				ASSETCATALOG_COMPILER_GENERATE_SWIFT_ASSET_SYMBOL_EXTENSIONS = YES;
				CLANG_ANALYZER_NONNULL = YES;
				CLANG_ANALYZER_NUMBER_OBJECT_CONVERSION = YES_AGGRESSIVE;
				CLANG_CXX_LANGUAGE_STANDARD = "gnu++20";
				CLANG_ENABLE_MODULES = YES;
				CLANG_ENABLE_OBJC_ARC = YES;
				CLANG_ENABLE_OBJC_WEAK = YES;
				CLANG_WARN_BLOCK_CAPTURE_AUTORELEASING = YES;
				CLANG_WARN_BOOL_CONVERSION = YES;
				CLANG_WARN_COMMA = YES;
				CLANG_WARN_CONSTANT_CONVERSION = YES;
				CLANG_WARN_DEPRECATED_OBJC_IMPLEMENTATIONS = YES;
				CLANG_WARN_DIRECT_OBJC_ISA_USAGE = YES_ERROR;
				CLANG_WARN_DOCUMENTATION_COMMENTS = YES;
				CLANG_WARN_EMPTY_BODY = YES;
				CLANG_WARN_ENUM_CONVERSION = YES;
				CLANG_WARN_INFINITE_RECURSION = YES;
				CLANG_WARN_INT_CONVERSION = YES;
				CLANG_WARN_NON_LITERAL_NULL_CONVERSION = YES;
				CLANG_WARN_OBJC_IMPLICIT_RETAIN_SELF = YES;
				CLANG_WARN_OBJC_LITERAL_CONVERSION = YES;
				CLANG_WARN_OBJC_ROOT_CLASS = YES_ERROR;
				CLANG_WARN_QUOTED_INCLUDE_IN_FRAMEWORK_HEADER = YES;
				CLANG_WARN_RANGE_LOOP_ANALYSIS = YES;
				CLANG_WARN_STRICT_PROTOTYPES = YES;
				CLANG_WARN_SUSPICIOUS_MOVE = YES;
				CLANG_WARN_UNGUARDED_AVAILABILITY = YES_AGGRESSIVE;
				CLANG_WARN_UNREACHABLE_CODE = YES;
				CLANG_WARN__DUPLICATE_METHOD_MATCH = YES;
				COPY_PHASE_STRIP = NO;
				DEBUG_INFORMATION_FORMAT = "dwarf-with-dsym";
				ENABLE_NS_ASSERTIONS = NO;
				ENABLE_STRICT_OBJC_MSGSEND = YES;
				ENABLE_USER_SCRIPT_SANDBOXING = YES;
				GCC_C_LANGUAGE_STANDARD = gnu17;
				GCC_NO_COMMON_BLOCKS = YES;
				GCC_WARN_64_TO_32_BIT_CONVERSION = YES;
				GCC_WARN_ABOUT_RETURN_TYPE = YES_ERROR;
				GCC_WARN_UNDECLARED_SELECTOR = YES;
				GCC_WARN_UNINITIALIZED_AUTOS = YES_AGGRESSIVE;
				GCC_WARN_UNUSED_FUNCTION = YES;
				GCC_WARN_UNUSED_VARIABLE = YES;
				IPHONEOS_DEPLOYMENT_TARGET = 17.4;
				LOCALIZATION_PREFERS_STRING_CATALOGS = YES;
				MTL_ENABLE_DEBUG_INFO = NO;
				MTL_FAST_MATH = YES;
				SDKROOT = iphoneos;
				SWIFT_COMPILATION_MODE = wholemodule;
				VALIDATE_PRODUCT = YES;
			};
			name = Release;
		};
		5A22EEC92CE6750200E83596 /* Debug */ = {
			isa = XCBuildConfiguration;
			buildSettings = {
				ASSETCATALOG_COMPILER_APPICON_NAME = AppIcon;
				ASSETCATALOG_COMPILER_GLOBAL_ACCENT_COLOR_NAME = AccentColor;
				CODE_SIGN_STYLE = Automatic;
				CURRENT_PROJECT_VERSION = 1;
				DEVELOPMENT_ASSET_PATHS = "\"TaqdaApp/Preview Content\"";
				ENABLE_PREVIEWS = YES;
				GENERATE_INFOPLIST_FILE = YES;
				INFOPLIST_KEY_UIApplicationSceneManifest_Generation = YES;
				INFOPLIST_KEY_UIApplicationSupportsIndirectInputEvents = YES;
				INFOPLIST_KEY_UILaunchScreen_Generation = YES;
				INFOPLIST_KEY_UISupportedInterfaceOrientations_iPad = "UIInterfaceOrientationPortrait UIInterfaceOrientationPortraitUpsideDown UIInterfaceOrientationLandscapeLeft UIInterfaceOrientationLandscapeRight";
				INFOPLIST_KEY_UISupportedInterfaceOrientations_iPhone = "UIInterfaceOrientationPortrait UIInterfaceOrientationLandscapeLeft UIInterfaceOrientationLandscapeRight";
				LD_RUNPATH_SEARCH_PATHS = (
					"$(inherited)",
					"@executable_path/Frameworks",
				);
				MARKETING_VERSION = 1.0;
				PRODUCT_BUNDLE_IDENTIFIER = fa.TaqdaApp;
				PRODUCT_NAME = "$(TARGET_NAME)";
				SWIFT_EMIT_LOC_STRINGS = YES;
				SWIFT_VERSION = 5.0;
				TARGETED_DEVICE_FAMILY = "1,2";
			};
			name = Debug;
		};
		5A22EECA2CE6750200E83596 /* Release */ = {
			isa = XCBuildConfiguration;
			buildSettings = {
				ASSETCATALOG_COMPILER_APPICON_NAME = AppIcon;
				ASSETCATALOG_COMPILER_GLOBAL_ACCENT_COLOR_NAME = AccentColor;
				CODE_SIGN_STYLE = Automatic;
				CURRENT_PROJECT_VERSION = 1;
				DEVELOPMENT_ASSET_PATHS = "\"TaqdaApp/Preview Content\"";
				ENABLE_PREVIEWS = YES;
				GENERATE_INFOPLIST_FILE = YES;
				INFOPLIST_KEY_UIApplicationSceneManifest_Generation = YES;
				INFOPLIST_KEY_UIApplicationSupportsIndirectInputEvents = YES;
				INFOPLIST_KEY_UILaunchScreen_Generation = YES;
				INFOPLIST_KEY_UISupportedInterfaceOrientations_iPad = "UIInterfaceOrientationPortrait UIInterfaceOrientationPortraitUpsideDown UIInterfaceOrientationLandscapeLeft UIInterfaceOrientationLandscapeRight";
				INFOPLIST_KEY_UISupportedInterfaceOrientations_iPhone = "UIInterfaceOrientationPortrait UIInterfaceOrientationLandscapeLeft UIInterfaceOrientationLandscapeRight";
				LD_RUNPATH_SEARCH_PATHS = (
					"$(inherited)",
					"@executable_path/Frameworks",
				);
				MARKETING_VERSION = 1.0;
				PRODUCT_BUNDLE_IDENTIFIER = fa.TaqdaApp;
				PRODUCT_NAME = "$(TARGET_NAME)";
				SWIFT_EMIT_LOC_STRINGS = YES;
				SWIFT_VERSION = 5.0;
				TARGETED_DEVICE_FAMILY = "1,2";
			};
			name = Release;
		};
		5A22EECC2CE6750200E83596 /* Debug */ = {
			isa = XCBuildConfiguration;
			buildSettings = {
				ALWAYS_EMBED_SWIFT_STANDARD_LIBRARIES = YES;
				BUNDLE_LOADER = "$(TEST_HOST)";
				CODE_SIGN_STYLE = Automatic;
				CURRENT_PROJECT_VERSION = 1;
				GENERATE_INFOPLIST_FILE = YES;
				IPHONEOS_DEPLOYMENT_TARGET = 17.4;
				MARKETING_VERSION = 1.0;
				PRODUCT_BUNDLE_IDENTIFIER = fa.TaqdaAppTests;
				PRODUCT_NAME = "$(TARGET_NAME)";
				SWIFT_EMIT_LOC_STRINGS = NO;
				SWIFT_VERSION = 5.0;
				TARGETED_DEVICE_FAMILY = "1,2";
				TEST_HOST = "$(BUILT_PRODUCTS_DIR)/TaqdaApp.app/$(BUNDLE_EXECUTABLE_FOLDER_PATH)/TaqdaApp";
			};
			name = Debug;
		};
		5A22EECD2CE6750200E83596 /* Release */ = {
			isa = XCBuildConfiguration;
			buildSettings = {
				ALWAYS_EMBED_SWIFT_STANDARD_LIBRARIES = YES;
				BUNDLE_LOADER = "$(TEST_HOST)";
				CODE_SIGN_STYLE = Automatic;
				CURRENT_PROJECT_VERSION = 1;
				GENERATE_INFOPLIST_FILE = YES;
				IPHONEOS_DEPLOYMENT_TARGET = 17.4;
				MARKETING_VERSION = 1.0;
				PRODUCT_BUNDLE_IDENTIFIER = fa.TaqdaAppTests;
				PRODUCT_NAME = "$(TARGET_NAME)";
				SWIFT_EMIT_LOC_STRINGS = NO;
				SWIFT_VERSION = 5.0;
				TARGETED_DEVICE_FAMILY = "1,2";
				TEST_HOST = "$(BUILT_PRODUCTS_DIR)/TaqdaApp.app/$(BUNDLE_EXECUTABLE_FOLDER_PATH)/TaqdaApp";
			};
			name = Release;
		};
		5A22EECF2CE6750200E83596 /* Debug */ = {
			isa = XCBuildConfiguration;
			buildSettings = {
				ALWAYS_EMBED_SWIFT_STANDARD_LIBRARIES = YES;
				CODE_SIGN_STYLE = Automatic;
				CURRENT_PROJECT_VERSION = 1;
				GENERATE_INFOPLIST_FILE = YES;
				MARKETING_VERSION = 1.0;
				PRODUCT_BUNDLE_IDENTIFIER = fa.TaqdaAppUITests;
				PRODUCT_NAME = "$(TARGET_NAME)";
				SWIFT_EMIT_LOC_STRINGS = NO;
				SWIFT_VERSION = 5.0;
				TARGETED_DEVICE_FAMILY = "1,2";
				TEST_TARGET_NAME = TaqdaApp;
			};
			name = Debug;
		};
		5A22EED02CE6750200E83596 /* Release */ = {
			isa = XCBuildConfiguration;
			buildSettings = {
				ALWAYS_EMBED_SWIFT_STANDARD_LIBRARIES = YES;
				CODE_SIGN_STYLE = Automatic;
				CURRENT_PROJECT_VERSION = 1;
				GENERATE_INFOPLIST_FILE = YES;
				MARKETING_VERSION = 1.0;
				PRODUCT_BUNDLE_IDENTIFIER = fa.TaqdaAppUITests;
				PRODUCT_NAME = "$(TARGET_NAME)";
				SWIFT_EMIT_LOC_STRINGS = NO;
				SWIFT_VERSION = 5.0;
				TARGETED_DEVICE_FAMILY = "1,2";
				TEST_TARGET_NAME = TaqdaApp;
			};
			name = Release;
		};
/* End XCBuildConfiguration section */

/* Begin XCConfigurationList section */
		5A22EE9F2CE6750100E83596 /* Build configuration list for PBXProject "TaqdaApp" */ = {
			isa = XCConfigurationList;
			buildConfigurations = (
				5A22EEC62CE6750200E83596 /* Debug */,
				5A22EEC72CE6750200E83596 /* Release */,
			);
			defaultConfigurationIsVisible = 0;
			defaultConfigurationName = Release;
		};
		5A22EEC82CE6750200E83596 /* Build configuration list for PBXNativeTarget "TaqdaApp" */ = {
			isa = XCConfigurationList;
			buildConfigurations = (
				5A22EEC92CE6750200E83596 /* Debug */,
				5A22EECA2CE6750200E83596 /* Release */,
			);
			defaultConfigurationIsVisible = 0;
			defaultConfigurationName = Release;
		};
		5A22EECB2CE6750200E83596 /* Build configuration list for PBXNativeTarget "TaqdaAppTests" */ = {
			isa = XCConfigurationList;
			buildConfigurations = (
				5A22EECC2CE6750200E83596 /* Debug */,
				5A22EECD2CE6750200E83596 /* Release */,
			);
			defaultConfigurationIsVisible = 0;
			defaultConfigurationName = Release;
		};
		5A22EECE2CE6750200E83596 /* Build configuration list for PBXNativeTarget "TaqdaAppUITests" */ = {
			isa = XCConfigurationList;
			buildConfigurations = (
				5A22EECF2CE6750200E83596 /* Debug */,
				5A22EED02CE6750200E83596 /* Release */,
			);
			defaultConfigurationIsVisible = 0;
			defaultConfigurationName = Release;
		};
/* End XCConfigurationList section */
	};
	rootObject = 5A22EE9C2CE6750100E83596 /* Project object */;
}
